// !$*UTF8*$!
{
	archiveVersion = 1;
	classes = {
	};
	objectVersion = 55;
	objects = {

/* Begin PBXBuildFile section */
		DDADBAE42A1F187F00C6D8CD /* AppDelegate.m in Sources */ = {isa = PBXBuildFile; fileRef = DDADBAE32A1F187F00C6D8CD /* AppDelegate.m */; };
		DDADBAE72A1F187F00C6D8CD /* SceneDelegate.m in Sources */ = {isa = PBXBuildFile; fileRef = DDADBAE62A1F187F00C6D8CD /* SceneDelegate.m */; };
		DDADBAEA2A1F187F00C6D8CD /* ViewController.m in Sources */ = {isa = PBXBuildFile; fileRef = DDADBAE92A1F187F00C6D8CD /* ViewController.m */; };
		DDADBAED2A1F187F00C6D8CD /* Main.storyboard in Resources */ = {isa = PBXBuildFile; fileRef = DDADBAEB2A1F187F00C6D8CD /* Main.storyboard */; };
		DDADBAEF2A1F187F00C6D8CD /* Assets.xcassets in Resources */ = {isa = PBXBuildFile; fileRef = DDADBAEE2A1F187F00C6D8CD /* Assets.xcassets */; };
		DDADBAF22A1F187F00C6D8CD /* LaunchScreen.storyboard in Resources */ = {isa = PBXBuildFile; fileRef = DDADBAF02A1F187F00C6D8CD /* LaunchScreen.storyboard */; };
		DDADBAF52A1F187F00C6D8CD /* main.m in Sources */ = {isa = PBXBuildFile; fileRef = DDADBAF42A1F187F00C6D8CD /* main.m */; };
		DDADBB012A1F190300C6D8CD /* MetalView.m in Sources */ = {isa = PBXBuildFile; fileRef = DDADBAFC2A1F190300C6D8CD /* MetalView.m */; };
		DDADBB022A1F190300C6D8CD /* ExampleUtil.cpp in Sources */ = {isa = PBXBuildFile; fileRef = DDADBAFD2A1F190300C6D8CD /* ExampleUtil.cpp */; };
		DDADBB032A1F190300C6D8CD /* Example.cpp in Sources */ = {isa = PBXBuildFile; fileRef = DDADBAFF2A1F190300C6D8CD /* Example.cpp */; };
		DDADBB0B2A1F367700C6D8CD /* libaxgl.a in Frameworks */ = {isa = PBXBuildFile; fileRef = DDADBB092A1F360B00C6D8CD /* libaxgl.a */; };
/* End PBXBuildFile section */

/* Begin PBXContainerItemProxy section */
		DDADBB082A1F360B00C6D8CD /* PBXContainerItemProxy */ = {
			isa = PBXContainerItemProxy;
			containerPortal = DDADBB042A1F360B00C6D8CD /* axgl.xcodeproj */;
			proxyType = 2;
			remoteGlobalIDString = DDADBA2D2A1F066600C6D8CD;
			remoteInfo = axgl;
		};
/* End PBXContainerItemProxy section */

/* Begin PBXFileReference section */
		DDADBADF2A1F187F00C6D8CD /* AXGLExampleSL.app */ = {isa = PBXFileReference; explicitFileType = wrapper.application; includeInIndex = 0; path = AXGLExampleSL.app; sourceTree = BUILT_PRODUCTS_DIR; };
		DDADBAE22A1F187F00C6D8CD /* AppDelegate.h */ = {isa = PBXFileReference; lastKnownFileType = sourcecode.c.h; path = AppDelegate.h; sourceTree = "<group>"; };
		DDADBAE32A1F187F00C6D8CD /* AppDelegate.m */ = {isa = PBXFileReference; lastKnownFileType = sourcecode.c.objc; path = AppDelegate.m; sourceTree = "<group>"; };
		DDADBAE52A1F187F00C6D8CD /* SceneDelegate.h */ = {isa = PBXFileReference; lastKnownFileType = sourcecode.c.h; path = SceneDelegate.h; sourceTree = "<group>"; };
		DDADBAE62A1F187F00C6D8CD /* SceneDelegate.m */ = {isa = PBXFileReference; lastKnownFileType = sourcecode.c.objc; path = SceneDelegate.m; sourceTree = "<group>"; };
		DDADBAE82A1F187F00C6D8CD /* ViewController.h */ = {isa = PBXFileReference; lastKnownFileType = sourcecode.c.h; path = ViewController.h; sourceTree = "<group>"; };
		DDADBAE92A1F187F00C6D8CD /* ViewController.m */ = {isa = PBXFileReference; lastKnownFileType = sourcecode.c.objc; path = ViewController.m; sourceTree = "<group>"; };
		DDADBAEC2A1F187F00C6D8CD /* Base */ = {isa = PBXFileReference; lastKnownFileType = file.storyboard; name = Base; path = Base.lproj/Main.storyboard; sourceTree = "<group>"; };
		DDADBAEE2A1F187F00C6D8CD /* Assets.xcassets */ = {isa = PBXFileReference; lastKnownFileType = folder.assetcatalog; path = Assets.xcassets; sourceTree = "<group>"; };
		DDADBAF12A1F187F00C6D8CD /* Base */ = {isa = PBXFileReference; lastKnownFileType = file.storyboard; name = Base; path = Base.lproj/LaunchScreen.storyboard; sourceTree = "<group>"; };
		DDADBAF32A1F187F00C6D8CD /* Info.plist */ = {isa = PBXFileReference; lastKnownFileType = text.plist.xml; path = Info.plist; sourceTree = "<group>"; };
		DDADBAF42A1F187F00C6D8CD /* main.m */ = {isa = PBXFileReference; lastKnownFileType = sourcecode.c.objc; path = main.m; sourceTree = "<group>"; };
		DDADBAFB2A1F190300C6D8CD /* MetalView.h */ = {isa = PBXFileReference; fileEncoding = 4; lastKnownFileType = sourcecode.c.h; path = MetalView.h; sourceTree = "<group>"; };
		DDADBAFC2A1F190300C6D8CD /* MetalView.m */ = {isa = PBXFileReference; fileEncoding = 4; lastKnownFileType = sourcecode.c.objc; path = MetalView.m; sourceTree = "<group>"; };
		DDADBAFD2A1F190300C6D8CD /* ExampleUtil.cpp */ = {isa = PBXFileReference; fileEncoding = 4; lastKnownFileType = sourcecode.cpp.cpp; path = ExampleUtil.cpp; sourceTree = "<group>"; };
		DDADBAFE2A1F190300C6D8CD /* ExampleInterface.h */ = {isa = PBXFileReference; fileEncoding = 4; lastKnownFileType = sourcecode.c.h; path = ExampleInterface.h; sourceTree = "<group>"; };
		DDADBAFF2A1F190300C6D8CD /* Example.cpp */ = {isa = PBXFileReference; fileEncoding = 4; lastKnownFileType = sourcecode.cpp.cpp; path = Example.cpp; sourceTree = "<group>"; };
		DDADBB002A1F190300C6D8CD /* ExampleUtil.h */ = {isa = PBXFileReference; fileEncoding = 4; lastKnownFileType = sourcecode.c.h; path = ExampleUtil.h; sourceTree = "<group>"; };
		DDADBB042A1F360B00C6D8CD /* axgl.xcodeproj */ = {isa = PBXFileReference; lastKnownFileType = "wrapper.pb-project"; name = axgl.xcodeproj; path = ../axgl/build/xcode/axgl.xcodeproj; sourceTree = "<group>"; };
/* End PBXFileReference section */

/* Begin PBXFrameworksBuildPhase section */
		DDADBADC2A1F187F00C6D8CD /* Frameworks */ = {
			isa = PBXFrameworksBuildPhase;
			buildActionMask = 2147483647;
			files = (
				DDADBB0B2A1F367700C6D8CD /* libaxgl.a in Frameworks */,
			);
			runOnlyForDeploymentPostprocessing = 0;
		};
/* End PBXFrameworksBuildPhase section */

/* Begin PBXGroup section */
		DDADBAD62A1F187F00C6D8CD = {
			isa = PBXGroup;
			children = (
				DDADBB042A1F360B00C6D8CD /* axgl.xcodeproj */,
				DDADBAE12A1F187F00C6D8CD /* AXGLExampleSL */,
				DDADBAE02A1F187F00C6D8CD /* Products */,
				DDADBB0A2A1F367700C6D8CD /* Frameworks */,
			);
			sourceTree = "<group>";
		};
		DDADBAE02A1F187F00C6D8CD /* Products */ = {
			isa = PBXGroup;
			children = (
				DDADBADF2A1F187F00C6D8CD /* AXGLExampleSL.app */,
			);
			name = Products;
			sourceTree = "<group>";
		};
		DDADBAE12A1F187F00C6D8CD /* AXGLExampleSL */ = {
			isa = PBXGroup;
			children = (
				DDADBAFF2A1F190300C6D8CD /* Example.cpp */,
				DDADBAFE2A1F190300C6D8CD /* ExampleInterface.h */,
				DDADBAFD2A1F190300C6D8CD /* ExampleUtil.cpp */,
				DDADBB002A1F190300C6D8CD /* ExampleUtil.h */,
				DDADBAFB2A1F190300C6D8CD /* MetalView.h */,
				DDADBAFC2A1F190300C6D8CD /* MetalView.m */,
				DDADBAE22A1F187F00C6D8CD /* AppDelegate.h */,
				DDADBAE32A1F187F00C6D8CD /* AppDelegate.m */,
				DDADBAE52A1F187F00C6D8CD /* SceneDelegate.h */,
				DDADBAE62A1F187F00C6D8CD /* SceneDelegate.m */,
				DDADBAE82A1F187F00C6D8CD /* ViewController.h */,
				DDADBAE92A1F187F00C6D8CD /* ViewController.m */,
				DDADBAEB2A1F187F00C6D8CD /* Main.storyboard */,
				DDADBAEE2A1F187F00C6D8CD /* Assets.xcassets */,
				DDADBAF02A1F187F00C6D8CD /* LaunchScreen.storyboard */,
				DDADBAF32A1F187F00C6D8CD /* Info.plist */,
				DDADBAF42A1F187F00C6D8CD /* main.m */,
			);
			path = AXGLExampleSL;
			sourceTree = "<group>";
		};
		DDADBB052A1F360B00C6D8CD /* Products */ = {
			isa = PBXGroup;
			children = (
				DDADBB092A1F360B00C6D8CD /* libaxgl.a */,
			);
			name = Products;
			sourceTree = "<group>";
		};
		DDADBB0A2A1F367700C6D8CD /* Frameworks */ = {
			isa = PBXGroup;
			children = (
			);
			name = Frameworks;
			sourceTree = "<group>";
		};
/* End PBXGroup section */

/* Begin PBXNativeTarget section */
		DDADBADE2A1F187F00C6D8CD /* AXGLExampleSL */ = {
			isa = PBXNativeTarget;
			buildConfigurationList = DDADBAF82A1F187F00C6D8CD /* Build configuration list for PBXNativeTarget "AXGLExampleSL" */;
			buildPhases = (
				DDADBADB2A1F187F00C6D8CD /* Sources */,
				DDADBADC2A1F187F00C6D8CD /* Frameworks */,
				DDADBADD2A1F187F00C6D8CD /* Resources */,
			);
			buildRules = (
			);
			dependencies = (
			);
			name = AXGLExampleSL;
			productName = AXGLExampleSL;
			productReference = DDADBADF2A1F187F00C6D8CD /* AXGLExampleSL.app */;
			productType = "com.apple.product-type.application";
		};
/* End PBXNativeTarget section */

/* Begin PBXProject section */
		DDADBAD72A1F187F00C6D8CD /* Project object */ = {
			isa = PBXProject;
			attributes = {
				BuildIndependentTargetsInParallel = 1;
				LastUpgradeCheck = 1330;
				TargetAttributes = {
					DDADBADE2A1F187F00C6D8CD = {
						CreatedOnToolsVersion = 13.3;
					};
				};
			};
			buildConfigurationList = DDADBADA2A1F187F00C6D8CD /* Build configuration list for PBXProject "AXGLExampleSL" */;
			compatibilityVersion = "Xcode 13.0";
			developmentRegion = en;
			hasScannedForEncodings = 0;
			knownRegions = (
				en,
				Base,
			);
			mainGroup = DDADBAD62A1F187F00C6D8CD;
			productRefGroup = DDADBAE02A1F187F00C6D8CD /* Products */;
			projectDirPath = "";
			projectReferences = (
				{
					ProductGroup = DDADBB052A1F360B00C6D8CD /* Products */;
					ProjectRef = DDADBB042A1F360B00C6D8CD /* axgl.xcodeproj */;
				},
			);
			projectRoot = "";
			targets = (
				DDADBADE2A1F187F00C6D8CD /* AXGLExampleSL */,
			);
		};
/* End PBXProject section */

/* Begin PBXReferenceProxy section */
		DDADBB092A1F360B00C6D8CD /* libaxgl.a */ = {
			isa = PBXReferenceProxy;
			fileType = archive.ar;
			path = libaxgl.a;
			remoteRef = DDADBB082A1F360B00C6D8CD /* PBXContainerItemProxy */;
			sourceTree = BUILT_PRODUCTS_DIR;
		};
/* End PBXReferenceProxy section */

/* Begin PBXResourcesBuildPhase section */
		DDADBADD2A1F187F00C6D8CD /* Resources */ = {
			isa = PBXResourcesBuildPhase;
			buildActionMask = 2147483647;
			files = (
				DDADBAF22A1F187F00C6D8CD /* LaunchScreen.storyboard in Resources */,
				DDADBAEF2A1F187F00C6D8CD /* Assets.xcassets in Resources */,
				DDADBAED2A1F187F00C6D8CD /* Main.storyboard in Resources */,
			);
			runOnlyForDeploymentPostprocessing = 0;
		};
/* End PBXResourcesBuildPhase section */

/* Begin PBXSourcesBuildPhase section */
		DDADBADB2A1F187F00C6D8CD /* Sources */ = {
			isa = PBXSourcesBuildPhase;
			buildActionMask = 2147483647;
			files = (
				DDADBB032A1F190300C6D8CD /* Example.cpp in Sources */,
				DDADBAEA2A1F187F00C6D8CD /* ViewController.m in Sources */,
				DDADBAE42A1F187F00C6D8CD /* AppDelegate.m in Sources */,
				DDADBAF52A1F187F00C6D8CD /* main.m in Sources */,
				DDADBAE72A1F187F00C6D8CD /* SceneDelegate.m in Sources */,
				DDADBB022A1F190300C6D8CD /* ExampleUtil.cpp in Sources */,
				DDADBB012A1F190300C6D8CD /* MetalView.m in Sources */,
			);
			runOnlyForDeploymentPostprocessing = 0;
		};
/* End PBXSourcesBuildPhase section */

/* Begin PBXVariantGroup section */
		DDADBAEB2A1F187F00C6D8CD /* Main.storyboard */ = {
			isa = PBXVariantGroup;
			children = (
				DDADBAEC2A1F187F00C6D8CD /* Base */,
			);
			name = Main.storyboard;
			sourceTree = "<group>";
		};
		DDADBAF02A1F187F00C6D8CD /* LaunchScreen.storyboard */ = {
			isa = PBXVariantGroup;
			children = (
				DDADBAF12A1F187F00C6D8CD /* Base */,
			);
			name = LaunchScreen.storyboard;
			sourceTree = "<group>";
		};
/* End PBXVariantGroup section */

/* Begin XCBuildConfiguration section */
		DDADBAF62A1F187F00C6D8CD /* Debug */ = {
			isa = XCBuildConfiguration;
			buildSettings = {
				ALWAYS_SEARCH_USER_PATHS = NO;
				CLANG_ANALYZER_NONNULL = YES;
				CLANG_ANALYZER_NUMBER_OBJECT_CONVERSION = YES_AGGRESSIVE;
				CLANG_CXX_LANGUAGE_STANDARD = "gnu++17";
				CLANG_ENABLE_MODULES = YES;
				CLANG_ENABLE_OBJC_ARC = YES;
				CLANG_ENABLE_OBJC_WEAK = YES;
				CLANG_WARN_BLOCK_CAPTURE_AUTORELEASING = YES;
				CLANG_WARN_BOOL_CONVERSION = YES;
				CLANG_WARN_COMMA = YES;
				CLANG_WARN_CONSTANT_CONVERSION = YES;
				CLANG_WARN_DEPRECATED_OBJC_IMPLEMENTATIONS = YES;
				CLANG_WARN_DIRECT_OBJC_ISA_USAGE = YES_ERROR;
				CLANG_WARN_DOCUMENTATION_COMMENTS = YES;
				CLANG_WARN_EMPTY_BODY = YES;
				CLANG_WARN_ENUM_CONVERSION = YES;
				CLANG_WARN_INFINITE_RECURSION = YES;
				CLANG_WARN_INT_CONVERSION = YES;
				CLANG_WARN_NON_LITERAL_NULL_CONVERSION = YES;
				CLANG_WARN_OBJC_IMPLICIT_RETAIN_SELF = YES;
				CLANG_WARN_OBJC_LITERAL_CONVERSION = YES;
				CLANG_WARN_OBJC_ROOT_CLASS = YES_ERROR;
				CLANG_WARN_QUOTED_INCLUDE_IN_FRAMEWORK_HEADER = YES;
				CLANG_WARN_RANGE_LOOP_ANALYSIS = YES;
				CLANG_WARN_STRICT_PROTOTYPES = YES;
				CLANG_WARN_SUSPICIOUS_MOVE = YES;
				CLANG_WARN_UNGUARDED_AVAILABILITY = YES_AGGRESSIVE;
				CLANG_WARN_UNREACHABLE_CODE = YES;
				CLANG_WARN__DUPLICATE_METHOD_MATCH = YES;
				COPY_PHASE_STRIP = NO;
				DEBUG_INFORMATION_FORMAT = dwarf;
				ENABLE_STRICT_OBJC_MSGSEND = YES;
				ENABLE_TESTABILITY = YES;
				GCC_C_LANGUAGE_STANDARD = gnu11;
				GCC_DYNAMIC_NO_PIC = NO;
				GCC_NO_COMMON_BLOCKS = YES;
				GCC_OPTIMIZATION_LEVEL = 0;
				GCC_PREPROCESSOR_DEFINITIONS = (
					"DEBUG=1",
					"$(inherited)",
				);
				GCC_WARN_64_TO_32_BIT_CONVERSION = YES;
				GCC_WARN_ABOUT_RETURN_TYPE = YES_ERROR;
				GCC_WARN_UNDECLARED_SELECTOR = YES;
				GCC_WARN_UNINITIALIZED_AUTOS = YES_AGGRESSIVE;
				GCC_WARN_UNUSED_FUNCTION = YES;
				GCC_WARN_UNUSED_VARIABLE = YES;
				IPHONEOS_DEPLOYMENT_TARGET = 14.6;
				MTL_ENABLE_DEBUG_INFO = INCLUDE_SOURCE;
				MTL_FAST_MATH = YES;
				ONLY_ACTIVE_ARCH = YES;
				SDKROOT = iphoneos;
			};
			name = Debug;
		};
		DDADBAF72A1F187F00C6D8CD /* Release */ = {
			isa = XCBuildConfiguration;
			buildSettings = {
				ALWAYS_SEARCH_USER_PATHS = NO;
				CLANG_ANALYZER_NONNULL = YES;
				CLANG_ANALYZER_NUMBER_OBJECT_CONVERSION = YES_AGGRESSIVE;
				CLANG_CXX_LANGUAGE_STANDARD = "gnu++17";
				CLANG_ENABLE_MODULES = YES;
				CLANG_ENABLE_OBJC_ARC = YES;
				CLANG_ENABLE_OBJC_WEAK = YES;
				CLANG_WARN_BLOCK_CAPTURE_AUTORELEASING = YES;
				CLANG_WARN_BOOL_CONVERSION = YES;
				CLANG_WARN_COMMA = YES;
				CLANG_WARN_CONSTANT_CONVERSION = YES;
				CLANG_WARN_DEPRECATED_OBJC_IMPLEMENTATIONS = YES;
				CLANG_WARN_DIRECT_OBJC_ISA_USAGE = YES_ERROR;
				CLANG_WARN_DOCUMENTATION_COMMENTS = YES;
				CLANG_WARN_EMPTY_BODY = YES;
				CLANG_WARN_ENUM_CONVERSION = YES;
				CLANG_WARN_INFINITE_RECURSION = YES;
				CLANG_WARN_INT_CONVERSION = YES;
				CLANG_WARN_NON_LITERAL_NULL_CONVERSION = YES;
				CLANG_WARN_OBJC_IMPLICIT_RETAIN_SELF = YES;
				CLANG_WARN_OBJC_LITERAL_CONVERSION = YES;
				CLANG_WARN_OBJC_ROOT_CLASS = YES_ERROR;
				CLANG_WARN_QUOTED_INCLUDE_IN_FRAMEWORK_HEADER = YES;
				CLANG_WARN_RANGE_LOOP_ANALYSIS = YES;
				CLANG_WARN_STRICT_PROTOTYPES = YES;
				CLANG_WARN_SUSPICIOUS_MOVE = YES;
				CLANG_WARN_UNGUARDED_AVAILABILITY = YES_AGGRESSIVE;
				CLANG_WARN_UNREACHABLE_CODE = YES;
				CLANG_WARN__DUPLICATE_METHOD_MATCH = YES;
				COPY_PHASE_STRIP = NO;
				DEBUG_INFORMATION_FORMAT = "dwarf-with-dsym";
				ENABLE_NS_ASSERTIONS = NO;
				ENABLE_STRICT_OBJC_MSGSEND = YES;
				GCC_C_LANGUAGE_STANDARD = gnu11;
				GCC_NO_COMMON_BLOCKS = YES;
				GCC_WARN_64_TO_32_BIT_CONVERSION = YES;
				GCC_WARN_ABOUT_RETURN_TYPE = YES_ERROR;
				GCC_WARN_UNDECLARED_SELECTOR = YES;
				GCC_WARN_UNINITIALIZED_AUTOS = YES_AGGRESSIVE;
				GCC_WARN_UNUSED_FUNCTION = YES;
				GCC_WARN_UNUSED_VARIABLE = YES;
				IPHONEOS_DEPLOYMENT_TARGET = 14.6;
				MTL_ENABLE_DEBUG_INFO = NO;
				MTL_FAST_MATH = YES;
				SDKROOT = iphoneos;
				VALIDATE_PRODUCT = YES;
			};
			name = Release;
		};
		DDADBAF92A1F187F00C6D8CD /* Debug */ = {
			isa = XCBuildConfiguration;
			buildSettings = {
				ASSETCATALOG_COMPILER_APPICON_NAME = AppIcon;
				ASSETCATALOG_COMPILER_GLOBAL_ACCENT_COLOR_NAME = AccentColor;
				CODE_SIGN_STYLE = Automatic;
				CURRENT_PROJECT_VERSION = 1;
				DEVELOPMENT_TEAM = NY5T8F8268;
				GENERATE_INFOPLIST_FILE = YES;
				HEADER_SEARCH_PATHS = ../axgl/include;
				INFOPLIST_FILE = AXGLExampleSL/Info.plist;
				INFOPLIST_KEY_UIApplicationSupportsIndirectInputEvents = YES;
				INFOPLIST_KEY_UILaunchStoryboardName = LaunchScreen;
				INFOPLIST_KEY_UIMainStoryboardFile = Main;
				INFOPLIST_KEY_UISupportedInterfaceOrientations_iPad = "UIInterfaceOrientationPortrait UIInterfaceOrientationPortraitUpsideDown UIInterfaceOrientationLandscapeLeft UIInterfaceOrientationLandscapeRight";
				INFOPLIST_KEY_UISupportedInterfaceOrientations_iPhone = "UIInterfaceOrientationPortrait UIInterfaceOrientationLandscapeLeft UIInterfaceOrientationLandscapeRight";
				LD_RUNPATH_SEARCH_PATHS = (
					"$(inherited)",
					"@executable_path/Frameworks",
				);
				LIBRARY_SEARCH_PATHS = "";
				"LIBRARY_SEARCH_PATHS[sdk=iphoneos*]" = (
					../axgl/external/glslang/lib/ios,
					"../axgl/external/SPIRV-Cross/lib/ios",
				);
				"LIBRARY_SEARCH_PATHS[sdk=iphonesimulator*]" = (
					../axgl/external/glslang/lib/ios_sim,
					"../axgl/external/SPIRV-Cross/lib/ios_sim",
				);
				MARKETING_VERSION = 1.0;
				OTHER_LDFLAGS = (
					"-lGenericCodeGen",
					"-lglslang",
					"-lMachineIndependent",
					"-lOGLCompiler",
					"-lOSDependent",
					"-lSPIRV",
					"-lspirv-cross-cpp",
					"-lspirv-cross-core",
					"-lspirv-cross-glsl",
					"-lspirv-cross-msl",
					"-lspirv-cross-reflect",
					"-lspirv-cross-util",
				);
				PRODUCT_BUNDLE_IDENTIFIER = inc.ax.AXGLExampleSL;
				PRODUCT_NAME = "$(TARGET_NAME)";
				SWIFT_EMIT_LOC_STRINGS = YES;
				TARGETED_DEVICE_FAMILY = "1,2";
			};
			name = Debug;
		};
		DDADBAFA2A1F187F00C6D8CD /* Release */ = {
			isa = XCBuildConfiguration;
			buildSettings = {
				ASSETCATALOG_COMPILER_APPICON_NAME = AppIcon;
				ASSETCATALOG_COMPILER_GLOBAL_ACCENT_COLOR_NAME = AccentColor;
				CODE_SIGN_STYLE = Automatic;
				CURRENT_PROJECT_VERSION = 1;
				DEVELOPMENT_TEAM = NY5T8F8268;
				GENERATE_INFOPLIST_FILE = YES;
				HEADER_SEARCH_PATHS = ../axgl/include;
				INFOPLIST_FILE = AXGLExampleSL/Info.plist;
				INFOPLIST_KEY_UIApplicationSupportsIndirectInputEvents = YES;
				INFOPLIST_KEY_UILaunchStoryboardName = LaunchScreen;
				INFOPLIST_KEY_UIMainStoryboardFile = Main;
				INFOPLIST_KEY_UISupportedInterfaceOrientations_iPad = "UIInterfaceOrientationPortrait UIInterfaceOrientationPortraitUpsideDown UIInterfaceOrientationLandscapeLeft UIInterfaceOrientationLandscapeRight";
				INFOPLIST_KEY_UISupportedInterfaceOrientations_iPhone = "UIInterfaceOrientationPortrait UIInterfaceOrientationLandscapeLeft UIInterfaceOrientationLandscapeRight";
				LD_RUNPATH_SEARCH_PATHS = (
					"$(inherited)",
					"@executable_path/Frameworks",
				);
				LIBRARY_SEARCH_PATHS = "";
				"LIBRARY_SEARCH_PATHS[sdk=iphoneos*]" = (
					../axgl/external/glslang/lib/ios,
					"../axgl/external/SPIRV-Cross/lib/ios",
				);
				"LIBRARY_SEARCH_PATHS[sdk=iphonesimulator*]" = (
					../axgl/external/glslang/lib/ios_sim,
					"../axgl/external/SPIRV-Cross/lib/ios_sim",
				);
				MARKETING_VERSION = 1.0;
				ONLY_ACTIVE_ARCH = YES;
				OTHER_LDFLAGS = (
					"-lGenericCodeGen",
					"-lglslang",
					"-lMachineIndependent",
					"-lOGLCompiler",
					"-lOSDependent",
					"-lSPIRV",
					"-lspirv-cross-cpp",
					"-lspirv-cross-core",
					"-lspirv-cross-glsl",
					"-lspirv-cross-msl",
					"-lspirv-cross-reflect",
					"-lspirv-cross-util",
				);
				PRODUCT_BUNDLE_IDENTIFIER = inc.ax.AXGLExampleSL;
				PRODUCT_NAME = "$(TARGET_NAME)";
				SWIFT_EMIT_LOC_STRINGS = YES;
				TARGETED_DEVICE_FAMILY = "1,2";
			};
			name = Release;
		};
/* End XCBuildConfiguration section */

/* Begin XCConfigurationList section */
		DDADBADA2A1F187F00C6D8CD /* Build configuration list for PBXProject "AXGLExampleSL" */ = {
			isa = XCConfigurationList;
			buildConfigurations = (
				DDADBAF62A1F187F00C6D8CD /* Debug */,
				DDADBAF72A1F187F00C6D8CD /* Release */,
			);
			defaultConfigurationIsVisible = 0;
			defaultConfigurationName = Release;
		};
		DDADBAF82A1F187F00C6D8CD /* Build configuration list for PBXNativeTarget "AXGLExampleSL" */ = {
			isa = XCConfigurationList;
			buildConfigurations = (
				DDADBAF92A1F187F00C6D8CD /* Debug */,
				DDADBAFA2A1F187F00C6D8CD /* Release */,
			);
			defaultConfigurationIsVisible = 0;
			defaultConfigurationName = Release;
		};
/* End XCConfigurationList section */
	};
	rootObject = DDADBAD72A1F187F00C6D8CD /* Project object */;
}
